PODS:
  - CSPickerView (1.0.1):
    - CSPickerView/framework (= 1.0.1)
  - CSPickerView/framework (1.0.1)
  - LookinServer (1.0.2)
  - SnapKit (4.2.0)

DEPENDENCIES:
  - CSPickerView (from `../`)
  - LookinServer
  - SnapKit (= 4.2.0)

SPEC REPOS:
  trunk:
    - LookinServer
    - SnapKit

EXTERNAL SOURCES:
  CSPickerView:
    :path: "../"

SPEC CHECKSUMS:
  CSPickerView: 7584847fbe9a84c25861f5bd306b8d338d346a2a
  LookinServer: d6874df8b58096c8d463817b6baaa3abc21d31f7
  SnapKit: fe8a619752f3f27075cc9a90244d75c6c3f27e2a

PODFILE CHECKSUM: 8b6465639084f7e8d7023f43e2e813850520b8b9

COCOAPODS: 1.11.2
