PODS:
  - CSPickerView (1.0.2):
    - CSPickerView/framework (= 1.0.2)
  - CSPickerView/framework (1.0.2)
  - LookinServer (1.0.2)
  - SnapKit (4.2.0)

DEPENDENCIES:
  - CSPickerView (from `../`)
  - LookinServer
  - SnapKit (= 4.2.0)

SPEC REPOS:
  trunk:
    - LookinServer
    - SnapKit

EXTERNAL SOURCES:
  CSPickerView:
    :path: "../"

SPEC CHECKSUMS:
  CSPickerView: 2c5e5d9e574ef86ff36e96feb69c5bd982ca1296
  LookinServer: d6874df8b58096c8d463817b6baaa3abc21d31f7
  SnapKit: fe8a619752f3f27075cc9a90244d75c6c3f27e2a

PODFILE CHECKSUM: 79c29bcf2bce156ce6384719a77f6c8982084e81

COCOAPODS: 1.11.3
